
Microsoft Visual Studio Solution File, Format Version 12.00
# Visual Studio Version 16
VisualStudioVersion = 16.0.34031.81
MinimumVisualStudioVersion = 10.0.40219.1
Project("{2150E333-8FDC-42A3-9474-1A3956D46DE8}") = "Task0", "Task0", "{172C19FE-BE00-4FDE-AE59-C4F6CE8A677E}"
EndProject
Project("{FAE04EC0-301F-11D3-BF4B-00C04F79EFBC}") = "Tyuiu.DeminDA.Sprint4.Task0.V30", "Tyuiu.DeminDA.Sprint4.Task0.V30\Tyuiu.DeminDA.Sprint4.Task0.V30.csproj", "{B17C4446-FE4A-4056-A616-BC73D945E0F4}"
EndProject
Project("{FAE04EC0-301F-11D3-BF4B-00C04F79EFBC}") = "Tyuiu.DeminDA.Sprint4.Task0.V30.Lib", "Tyuiu.DeminDA.Sprint4.Task0.V30.Lib\Tyuiu.DeminDA.Sprint4.Task0.V30.Lib.csproj", "{F665C6D8-E012-460E-8E94-C8E5429A4542}"
EndProject
Project("{FAE04EC0-301F-11D3-BF4B-00C04F79EFBC}") = "Tyuiu.DeminDA.Sprint4.Task0.V30.Test", "Tyuiu.DeminDA.Sprint4.Task0.V30.Test\Tyuiu.DeminDA.Sprint4.Task0.V30.Test.csproj", "{A1683A7E-515F-49E5-B5F8-BFFA1B5770AD}"
EndProject
Project("{2150E333-8FDC-42A3-9474-1A3956D46DE8}") = "Task1", "Task1", "{E699BD6F-4E46-4416-9DA0-E54FC30D8C52}"
EndProject
Project("{FAE04EC0-301F-11D3-BF4B-00C04F79EFBC}") = "Tyuiu.DeminDA.Sprint4.Task1.V11", "Tyuiu.DeminDA.Sprint4.Task1.V11\Tyuiu.DeminDA.Sprint4.Task1.V11.csproj", "{EFAEB62F-98A0-4489-97EE-65193386EB23}"
EndProject
Project("{FAE04EC0-301F-11D3-BF4B-00C04F79EFBC}") = "Tyuiu.DeminDA.Sprint4.Task1.V11.Lib", "Tyuiu.DeminDA.Sprint4.Task1.V11.Lib\Tyuiu.DeminDA.Sprint4.Task1.V11.Lib.csproj", "{E1B9E9AA-A4E5-4698-A6C3-724B562E0FFB}"
EndProject
Project("{FAE04EC0-301F-11D3-BF4B-00C04F79EFBC}") = "Tyuiu.DeminDA.Sprint4.Task1.V11.Test", "Tyuiu.DeminDA.Sprint4.Task1.V11.Test\Tyuiu.DeminDA.Sprint4.Task1.V11.Test.csproj", "{E27204C8-D737-4EEC-8EE9-3CAC20034622}"
EndProject
Global
	GlobalSection(SolutionConfigurationPlatforms) = preSolution
		Debug|Any CPU = Debug|Any CPU
		Release|Any CPU = Release|Any CPU
	EndGlobalSection
	GlobalSection(ProjectConfigurationPlatforms) = postSolution
		{B17C4446-FE4A-4056-A616-BC73D945E0F4}.Debug|Any CPU.ActiveCfg = Debug|Any CPU
		{B17C4446-FE4A-4056-A616-BC73D945E0F4}.Debug|Any CPU.Build.0 = Debug|Any CPU
		{B17C4446-FE4A-4056-A616-BC73D945E0F4}.Release|Any CPU.ActiveCfg = Release|Any CPU
		{B17C4446-FE4A-4056-A616-BC73D945E0F4}.Release|Any CPU.Build.0 = Release|Any CPU
		{F665C6D8-E012-460E-8E94-C8E5429A4542}.Debug|Any CPU.ActiveCfg = Debug|Any CPU
		{F665C6D8-E012-460E-8E94-C8E5429A4542}.Debug|Any CPU.Build.0 = Debug|Any CPU
		{F665C6D8-E012-460E-8E94-C8E5429A4542}.Release|Any CPU.ActiveCfg = Release|Any CPU
		{F665C6D8-E012-460E-8E94-C8E5429A4542}.Release|Any CPU.Build.0 = Release|Any CPU
		{A1683A7E-515F-49E5-B5F8-BFFA1B5770AD}.Debug|Any CPU.ActiveCfg = Debug|Any CPU
		{A1683A7E-515F-49E5-B5F8-BFFA1B5770AD}.Debug|Any CPU.Build.0 = Debug|Any CPU
		{A1683A7E-515F-49E5-B5F8-BFFA1B5770AD}.Release|Any CPU.ActiveCfg = Release|Any CPU
		{A1683A7E-515F-49E5-B5F8-BFFA1B5770AD}.Release|Any CPU.Build.0 = Release|Any CPU
		{EFAEB62F-98A0-4489-97EE-65193386EB23}.Debug|Any CPU.ActiveCfg = Debug|Any CPU
		{EFAEB62F-98A0-4489-97EE-65193386EB23}.Debug|Any CPU.Build.0 = Debug|Any CPU
		{EFAEB62F-98A0-4489-97EE-65193386EB23}.Release|Any CPU.ActiveCfg = Release|Any CPU
		{EFAEB62F-98A0-4489-97EE-65193386EB23}.Release|Any CPU.Build.0 = Release|Any CPU
		{E1B9E9AA-A4E5-4698-A6C3-724B562E0FFB}.Debug|Any CPU.ActiveCfg = Debug|Any CPU
		{E1B9E9AA-A4E5-4698-A6C3-724B562E0FFB}.Debug|Any CPU.Build.0 = Debug|Any CPU
		{E1B9E9AA-A4E5-4698-A6C3-724B562E0FFB}.Release|Any CPU.ActiveCfg = Release|Any CPU
		{E1B9E9AA-A4E5-4698-A6C3-724B562E0FFB}.Release|Any CPU.Build.0 = Release|Any CPU
		{E27204C8-D737-4EEC-8EE9-3CAC20034622}.Debug|Any CPU.ActiveCfg = Debug|Any CPU
		{E27204C8-D737-4EEC-8EE9-3CAC20034622}.Debug|Any CPU.Build.0 = Debug|Any CPU
		{E27204C8-D737-4EEC-8EE9-3CAC20034622}.Release|Any CPU.ActiveCfg = Release|Any CPU
		{E27204C8-D737-4EEC-8EE9-3CAC20034622}.Release|Any CPU.Build.0 = Release|Any CPU
	EndGlobalSection
	GlobalSection(SolutionProperties) = preSolution
		HideSolutionNode = FALSE
	EndGlobalSection
	GlobalSection(NestedProjects) = preSolution
		{B17C4446-FE4A-4056-A616-BC73D945E0F4} = {172C19FE-BE00-4FDE-AE59-C4F6CE8A677E}
		{F665C6D8-E012-460E-8E94-C8E5429A4542} = {172C19FE-BE00-4FDE-AE59-C4F6CE8A677E}
		{A1683A7E-515F-49E5-B5F8-BFFA1B5770AD} = {172C19FE-BE00-4FDE-AE59-C4F6CE8A677E}
		{EFAEB62F-98A0-4489-97EE-65193386EB23} = {E699BD6F-4E46-4416-9DA0-E54FC30D8C52}
		{E1B9E9AA-A4E5-4698-A6C3-724B562E0FFB} = {E699BD6F-4E46-4416-9DA0-E54FC30D8C52}
		{E27204C8-D737-4EEC-8EE9-3CAC20034622} = {E699BD6F-4E46-4416-9DA0-E54FC30D8C52}
	EndGlobalSection
	GlobalSection(ExtensibilityGlobals) = postSolution
		SolutionGuid = {EB5025DB-876C-4657-B7E9-4B5E776CAD6B}
	EndGlobalSection
EndGlobal
